
Microsoft Visual Studio Solution File, Format Version 12.00
# Visual Studio Version 17
VisualStudioVersion = 17.9.34723.18
MinimumVisualStudioVersion = 10.0.40219.1
Project("{FAE04EC0-301F-11D3-BF4B-00C04F79EFBC}") = "MyCoffeeNote", "MyCoffeeNote\MyCoffeeNote.csproj", "{BC768F85-D88C-413B-835B-54BA0293B227}"
EndProject
Global
	GlobalSection(SolutionConfigurationPlatforms) = preSolution
		Debug|Any CPU = Debug|Any CPU
		Release|Any CPU = Release|Any CPU
	EndGlobalSection
	GlobalSection(ProjectConfigurationPlatforms) = postSolution
		{BC768F85-D88C-413B-835B-54BA0293B227}.Debug|Any CPU.ActiveCfg = Debug|Any CPU
		{BC768F85-D88C-413B-835B-54BA0293B227}.Debug|Any CPU.Build.0 = Debug|Any CPU
		{BC768F85-D88C-413B-835B-54BA0293B227}.Release|Any CPU.ActiveCfg = Release|Any CPU
		{BC768F85-D88C-413B-835B-54BA0293B227}.Release|Any CPU.Build.0 = Release|Any CPU
	EndGlobalSection
	GlobalSection(SolutionProperties) = preSolution
		HideSolutionNode = FALSE
	EndGlobalSection
	GlobalSection(ExtensibilityGlobals) = postSolution
		SolutionGuid = {B38BD205-49FA-44B9-B3CE-A6CC068938EB}
	EndGlobalSection
EndGlobal
